
Microsoft Visual Studio Solution File, Format Version 12.00
# Visual Studio Version 17
VisualStudioVersion = 17.2.32630.192
MinimumVisualStudioVersion = 10.0.40219.1
Project("{FAE04EC0-301F-11D3-BF4B-00C04F79EFBC}") = "ConsoleApp1", "ConsoleApp1\ConsoleApp1.csproj", "{EF55A932-FDBD-456D-A464-97F435E0E5FC}"
EndProject
Global
	GlobalSection(SolutionConfigurationPlatforms) = preSolution
		Debug|Any CPU = Debug|Any CPU
		Release|Any CPU = Release|Any CPU
	EndGlobalSection
	GlobalSection(ProjectConfigurationPlatforms) = postSolution
		{EF55A932-FDBD-456D-A464-97F435E0E5FC}.Debug|Any CPU.ActiveCfg = Debug|Any CPU
		{EF55A932-FDBD-456D-A464-97F435E0E5FC}.Debug|Any CPU.Build.0 = Debug|Any CPU
		{EF55A932-FDBD-456D-A464-97F435E0E5FC}.Release|Any CPU.ActiveCfg = Release|Any CPU
		{EF55A932-FDBD-456D-A464-97F435E0E5FC}.Release|Any CPU.Build.0 = Release|Any CPU
	EndGlobalSection
	GlobalSection(SolutionProperties) = preSolution
		HideSolutionNode = FALSE
	EndGlobalSection
	GlobalSection(ExtensibilityGlobals) = postSolution
		SolutionGuid = {7CA93965-0DEA-453A-AECF-5F9035F6527E}
	EndGlobalSection
EndGlobal
